
Microsoft Visual Studio Solution File, Format Version 12.00
# Visual Studio Version 16
VisualStudioVersion = 16.0.30711.63
MinimumVisualStudioVersion = 10.0.40219.1
Project("{FAE04EC0-301F-11D3-BF4B-00C04F79EFBC}") = "Session12Battleship", "Session12Battleship\Session12Battleship.csproj", "{207F1B2E-DF76-4BEF-9A22-7A447737BCDD}"
EndProject
Global
	GlobalSection(SolutionConfigurationPlatforms) = preSolution
		Debug|Any CPU = Debug|Any CPU
		Release|Any CPU = Release|Any CPU
	EndGlobalSection
	GlobalSection(ProjectConfigurationPlatforms) = postSolution
		{207F1B2E-DF76-4BEF-9A22-7A447737BCDD}.Debug|Any CPU.ActiveCfg = Debug|Any CPU
		{207F1B2E-DF76-4BEF-9A22-7A447737BCDD}.Debug|Any CPU.Build.0 = Debug|Any CPU
		{207F1B2E-DF76-4BEF-9A22-7A447737BCDD}.Release|Any CPU.ActiveCfg = Release|Any CPU
		{207F1B2E-DF76-4BEF-9A22-7A447737BCDD}.Release|Any CPU.Build.0 = Release|Any CPU
	EndGlobalSection
	GlobalSection(SolutionProperties) = preSolution
		HideSolutionNode = FALSE
	EndGlobalSection
	GlobalSection(ExtensibilityGlobals) = postSolution
		SolutionGuid = {E1ABA363-9CF7-4F4C-B542-90C4A11B0293}
	EndGlobalSection
EndGlobal
